// !$*UTF8*$!
{
	archiveVersion = 1;
	classes = {
	};
	objectVersion = 55;
	objects = {

/* Begin PBXBuildFile section */
		464CCF702767449800DAA6B3 /* AppDelegate.swift in Sources */ = {isa = PBXBuildFile; fileRef = 464CCF6F2767449800DAA6B3 /* AppDelegate.swift */; };
		464CCF722767449800DAA6B3 /* SceneDelegate.swift in Sources */ = {isa = PBXBuildFile; fileRef = 464CCF712767449800DAA6B3 /* SceneDelegate.swift */; };
		464CCF742767449800DAA6B3 /* ViewController.swift in Sources */ = {isa = PBXBuildFile; fileRef = 464CCF732767449800DAA6B3 /* ViewController.swift */; };
		464CCF772767449800DAA6B3 /* Main.storyboard in Resources */ = {isa = PBXBuildFile; fileRef = 464CCF752767449800DAA6B3 /* Main.storyboard */; };
		464CCF792767449C00DAA6B3 /* Assets.xcassets in Resources */ = {isa = PBXBuildFile; fileRef = 464CCF782767449C00DAA6B3 /* Assets.xcassets */; };
		464CCF7C2767449C00DAA6B3 /* LaunchScreen.storyboard in Resources */ = {isa = PBXBuildFile; fileRef = 464CCF7A2767449C00DAA6B3 /* LaunchScreen.storyboard */; };
		464CCF872767449C00DAA6B3 /* sample_covidTests.swift in Sources */ = {isa = PBXBuildFile; fileRef = 464CCF862767449C00DAA6B3 /* sample_covidTests.swift */; };
		464CCF912767449C00DAA6B3 /* sample_covidUITests.swift in Sources */ = {isa = PBXBuildFile; fileRef = 464CCF902767449C00DAA6B3 /* sample_covidUITests.swift */; };
		464CCF932767449C00DAA6B3 /* sample_covidUITestsLaunchTests.swift in Sources */ = {isa = PBXBuildFile; fileRef = 464CCF922767449C00DAA6B3 /* sample_covidUITestsLaunchTests.swift */; };
/* End PBXBuildFile section */

/* Begin PBXContainerItemProxy section */
		464CCF832767449C00DAA6B3 /* PBXContainerItemProxy */ = {
			isa = PBXContainerItemProxy;
			containerPortal = 464CCF642767449800DAA6B3 /* Project object */;
			proxyType = 1;
			remoteGlobalIDString = 464CCF6B2767449800DAA6B3;
			remoteInfo = sample_covid;
		};
		464CCF8D2767449C00DAA6B3 /* PBXContainerItemProxy */ = {
			isa = PBXContainerItemProxy;
			containerPortal = 464CCF642767449800DAA6B3 /* Project object */;
			proxyType = 1;
			remoteGlobalIDString = 464CCF6B2767449800DAA6B3;
			remoteInfo = sample_covid;
		};
/* End PBXContainerItemProxy section */

/* Begin PBXFileReference section */
		464CCF6C2767449800DAA6B3 /* sample_covid.app */ = {isa = PBXFileReference; explicitFileType = wrapper.application; includeInIndex = 0; path = sample_covid.app; sourceTree = BUILT_PRODUCTS_DIR; };
		464CCF6F2767449800DAA6B3 /* AppDelegate.swift */ = {isa = PBXFileReference; lastKnownFileType = sourcecode.swift; path = AppDelegate.swift; sourceTree = "<group>"; };
		464CCF712767449800DAA6B3 /* SceneDelegate.swift */ = {isa = PBXFileReference; lastKnownFileType = sourcecode.swift; path = SceneDelegate.swift; sourceTree = "<group>"; };
		464CCF732767449800DAA6B3 /* ViewController.swift */ = {isa = PBXFileReference; lastKnownFileType = sourcecode.swift; path = ViewController.swift; sourceTree = "<group>"; };
		464CCF762767449800DAA6B3 /* Base */ = {isa = PBXFileReference; lastKnownFileType = file.storyboard; name = Base; path = Base.lproj/Main.storyboard; sourceTree = "<group>"; };
		464CCF782767449C00DAA6B3 /* Assets.xcassets */ = {isa = PBXFileReference; lastKnownFileType = folder.assetcatalog; path = Assets.xcassets; sourceTree = "<group>"; };
		464CCF7B2767449C00DAA6B3 /* Base */ = {isa = PBXFileReference; lastKnownFileType = file.storyboard; name = Base; path = Base.lproj/LaunchScreen.storyboard; sourceTree = "<group>"; };
		464CCF7D2767449C00DAA6B3 /* Info.plist */ = {isa = PBXFileReference; lastKnownFileType = text.plist.xml; path = Info.plist; sourceTree = "<group>"; };
		464CCF822767449C00DAA6B3 /* sample_covidTests.xctest */ = {isa = PBXFileReference; explicitFileType = wrapper.cfbundle; includeInIndex = 0; path = sample_covidTests.xctest; sourceTree = BUILT_PRODUCTS_DIR; };
		464CCF862767449C00DAA6B3 /* sample_covidTests.swift */ = {isa = PBXFileReference; lastKnownFileType = sourcecode.swift; path = sample_covidTests.swift; sourceTree = "<group>"; };
		464CCF8C2767449C00DAA6B3 /* sample_covidUITests.xctest */ = {isa = PBXFileReference; explicitFileType = wrapper.cfbundle; includeInIndex = 0; path = sample_covidUITests.xctest; sourceTree = BUILT_PRODUCTS_DIR; };
		464CCF902767449C00DAA6B3 /* sample_covidUITests.swift */ = {isa = PBXFileReference; lastKnownFileType = sourcecode.swift; path = sample_covidUITests.swift; sourceTree = "<group>"; };
		464CCF922767449C00DAA6B3 /* sample_covidUITestsLaunchTests.swift */ = {isa = PBXFileReference; lastKnownFileType = sourcecode.swift; path = sample_covidUITestsLaunchTests.swift; sourceTree = "<group>"; };
/* End PBXFileReference section */

/* Begin PBXFrameworksBuildPhase section */
		464CCF692767449800DAA6B3 /* Frameworks */ = {
			isa = PBXFrameworksBuildPhase;
			buildActionMask = 2147483647;
			files = (
			);
			runOnlyForDeploymentPostprocessing = 0;
		};
		464CCF7F2767449C00DAA6B3 /* Frameworks */ = {
			isa = PBXFrameworksBuildPhase;
			buildActionMask = 2147483647;
			files = (
			);
			runOnlyForDeploymentPostprocessing = 0;
		};
		464CCF892767449C00DAA6B3 /* Frameworks */ = {
			isa = PBXFrameworksBuildPhase;
			buildActionMask = 2147483647;
			files = (
			);
			runOnlyForDeploymentPostprocessing = 0;
		};
/* End PBXFrameworksBuildPhase section */

/* Begin PBXGroup section */
		464CCF632767449800DAA6B3 = {
			isa = PBXGroup;
			children = (
				464CCF6E2767449800DAA6B3 /* sample_covid */,
				464CCF852767449C00DAA6B3 /* sample_covidTests */,
				464CCF8F2767449C00DAA6B3 /* sample_covidUITests */,
				464CCF6D2767449800DAA6B3 /* Products */,
			);
			sourceTree = "<group>";
		};
		464CCF6D2767449800DAA6B3 /* Products */ = {
			isa = PBXGroup;
			children = (
				464CCF6C2767449800DAA6B3 /* sample_covid.app */,
				464CCF822767449C00DAA6B3 /* sample_covidTests.xctest */,
				464CCF8C2767449C00DAA6B3 /* sample_covidUITests.xctest */,
			);
			name = Products;
			sourceTree = "<group>";
		};
		464CCF6E2767449800DAA6B3 /* sample_covid */ = {
			isa = PBXGroup;
			children = (
				464CCF6F2767449800DAA6B3 /* AppDelegate.swift */,
				464CCF712767449800DAA6B3 /* SceneDelegate.swift */,
				464CCF732767449800DAA6B3 /* ViewController.swift */,
				464CCF752767449800DAA6B3 /* Main.storyboard */,
				464CCF782767449C00DAA6B3 /* Assets.xcassets */,
				464CCF7A2767449C00DAA6B3 /* LaunchScreen.storyboard */,
				464CCF7D2767449C00DAA6B3 /* Info.plist */,
			);
			path = sample_covid;
			sourceTree = "<group>";
		};
		464CCF852767449C00DAA6B3 /* sample_covidTests */ = {
			isa = PBXGroup;
			children = (
				464CCF862767449C00DAA6B3 /* sample_covidTests.swift */,
			);
			path = sample_covidTests;
			sourceTree = "<group>";
		};
		464CCF8F2767449C00DAA6B3 /* sample_covidUITests */ = {
			isa = PBXGroup;
			children = (
				464CCF902767449C00DAA6B3 /* sample_covidUITests.swift */,
				464CCF922767449C00DAA6B3 /* sample_covidUITestsLaunchTests.swift */,
			);
			path = sample_covidUITests;
			sourceTree = "<group>";
		};
/* End PBXGroup section */

/* Begin PBXNativeTarget section */
		464CCF6B2767449800DAA6B3 /* sample_covid */ = {
			isa = PBXNativeTarget;
			buildConfigurationList = 464CCF962767449C00DAA6B3 /* Build configuration list for PBXNativeTarget "sample_covid" */;
			buildPhases = (
				464CCF682767449800DAA6B3 /* Sources */,
				464CCF692767449800DAA6B3 /* Frameworks */,
				464CCF6A2767449800DAA6B3 /* Resources */,
			);
			buildRules = (
			);
			dependencies = (
			);
			name = sample_covid;
			productName = sample_covid;
			productReference = 464CCF6C2767449800DAA6B3 /* sample_covid.app */;
			productType = "com.apple.product-type.application";
		};
		464CCF812767449C00DAA6B3 /* sample_covidTests */ = {
			isa = PBXNativeTarget;
			buildConfigurationList = 464CCF992767449C00DAA6B3 /* Build configuration list for PBXNativeTarget "sample_covidTests" */;
			buildPhases = (
				464CCF7E2767449C00DAA6B3 /* Sources */,
				464CCF7F2767449C00DAA6B3 /* Frameworks */,
				464CCF802767449C00DAA6B3 /* Resources */,
			);
			buildRules = (
			);
			dependencies = (
				464CCF842767449C00DAA6B3 /* PBXTargetDependency */,
			);
			name = sample_covidTests;
			productName = sample_covidTests;
			productReference = 464CCF822767449C00DAA6B3 /* sample_covidTests.xctest */;
			productType = "com.apple.product-type.bundle.unit-test";
		};
		464CCF8B2767449C00DAA6B3 /* sample_covidUITests */ = {
			isa = PBXNativeTarget;
			buildConfigurationList = 464CCF9C2767449C00DAA6B3 /* Build configuration list for PBXNativeTarget "sample_covidUITests" */;
			buildPhases = (
				464CCF882767449C00DAA6B3 /* Sources */,
				464CCF892767449C00DAA6B3 /* Frameworks */,
				464CCF8A2767449C00DAA6B3 /* Resources */,
			);
			buildRules = (
			);
			dependencies = (
				464CCF8E2767449C00DAA6B3 /* PBXTargetDependency */,
			);
			name = sample_covidUITests;
			productName = sample_covidUITests;
			productReference = 464CCF8C2767449C00DAA6B3 /* sample_covidUITests.xctest */;
			productType = "com.apple.product-type.bundle.ui-testing";
		};
/* End PBXNativeTarget section */

/* Begin PBXProject section */
		464CCF642767449800DAA6B3 /* Project object */ = {
			isa = PBXProject;
			attributes = {
				BuildIndependentTargetsInParallel = 1;
				LastSwiftUpdateCheck = 1300;
				LastUpgradeCheck = 1300;
				TargetAttributes = {
					464CCF6B2767449800DAA6B3 = {
						CreatedOnToolsVersion = 13.0;
					};
					464CCF812767449C00DAA6B3 = {
						CreatedOnToolsVersion = 13.0;
						TestTargetID = 464CCF6B2767449800DAA6B3;
					};
					464CCF8B2767449C00DAA6B3 = {
						CreatedOnToolsVersion = 13.0;
						TestTargetID = 464CCF6B2767449800DAA6B3;
					};
				};
			};
			buildConfigurationList = 464CCF672767449800DAA6B3 /* Build configuration list for PBXProject "sample_covid" */;
			compatibilityVersion = "Xcode 13.0";
			developmentRegion = en;
			hasScannedForEncodings = 0;
			knownRegions = (
				en,
				Base,
			);
			mainGroup = 464CCF632767449800DAA6B3;
			productRefGroup = 464CCF6D2767449800DAA6B3 /* Products */;
			projectDirPath = "";
			projectRoot = "";
			targets = (
				464CCF6B2767449800DAA6B3 /* sample_covid */,
				464CCF812767449C00DAA6B3 /* sample_covidTests */,
				464CCF8B2767449C00DAA6B3 /* sample_covidUITests */,
			);
		};
/* End PBXProject section */

/* Begin PBXResourcesBuildPhase section */
		464CCF6A2767449800DAA6B3 /* Resources */ = {
			isa = PBXResourcesBuildPhase;
			buildActionMask = 2147483647;
			files = (
				464CCF7C2767449C00DAA6B3 /* LaunchScreen.storyboard in Resources */,
				464CCF792767449C00DAA6B3 /* Assets.xcassets in Resources */,
				464CCF772767449800DAA6B3 /* Main.storyboard in Resources */,
			);
			runOnlyForDeploymentPostprocessing = 0;
		};
		464CCF802767449C00DAA6B3 /* Resources */ = {
			isa = PBXResourcesBuildPhase;
			buildActionMask = 2147483647;
			files = (
			);
			runOnlyForDeploymentPostprocessing = 0;
		};
		464CCF8A2767449C00DAA6B3 /* Resources */ = {
			isa = PBXResourcesBuildPhase;
			buildActionMask = 2147483647;
			files = (
			);
			runOnlyForDeploymentPostprocessing = 0;
		};
/* End PBXResourcesBuildPhase section */

/* Begin PBXSourcesBuildPhase section */
		464CCF682767449800DAA6B3 /* Sources */ = {
			isa = PBXSourcesBuildPhase;
			buildActionMask = 2147483647;
			files = (
				464CCF742767449800DAA6B3 /* ViewController.swift in Sources */,
				464CCF702767449800DAA6B3 /* AppDelegate.swift in Sources */,
				464CCF722767449800DAA6B3 /* SceneDelegate.swift in Sources */,
			);
			runOnlyForDeploymentPostprocessing = 0;
		};
		464CCF7E2767449C00DAA6B3 /* Sources */ = {
			isa = PBXSourcesBuildPhase;
			buildActionMask = 2147483647;
			files = (
				464CCF872767449C00DAA6B3 /* sample_covidTests.swift in Sources */,
			);
			runOnlyForDeploymentPostprocessing = 0;
		};
		464CCF882767449C00DAA6B3 /* Sources */ = {
			isa = PBXSourcesBuildPhase;
			buildActionMask = 2147483647;
			files = (
				464CCF932767449C00DAA6B3 /* sample_covidUITestsLaunchTests.swift in Sources */,
				464CCF912767449C00DAA6B3 /* sample_covidUITests.swift in Sources */,
			);
			runOnlyForDeploymentPostprocessing = 0;
		};
/* End PBXSourcesBuildPhase section */

/* Begin PBXTargetDependency section */
		464CCF842767449C00DAA6B3 /* PBXTargetDependency */ = {
			isa = PBXTargetDependency;
			target = 464CCF6B2767449800DAA6B3 /* sample_covid */;
			targetProxy = 464CCF832767449C00DAA6B3 /* PBXContainerItemProxy */;
		};
		464CCF8E2767449C00DAA6B3 /* PBXTargetDependency */ = {
			isa = PBXTargetDependency;
			target = 464CCF6B2767449800DAA6B3 /* sample_covid */;
			targetProxy = 464CCF8D2767449C00DAA6B3 /* PBXContainerItemProxy */;
		};
/* End PBXTargetDependency section */

/* Begin PBXVariantGroup section */
		464CCF752767449800DAA6B3 /* Main.storyboard */ = {
			isa = PBXVariantGroup;
			children = (
				464CCF762767449800DAA6B3 /* Base */,
			);
			name = Main.storyboard;
			sourceTree = "<group>";
		};
		464CCF7A2767449C00DAA6B3 /* LaunchScreen.storyboard */ = {
			isa = PBXVariantGroup;
			children = (
				464CCF7B2767449C00DAA6B3 /* Base */,
			);
			name = LaunchScreen.storyboard;
			sourceTree = "<group>";
		};
/* End PBXVariantGroup section */

/* Begin XCBuildConfiguration section */
		464CCF942767449C00DAA6B3 /* Debug */ = {
			isa = XCBuildConfiguration;
			buildSettings = {
				ALWAYS_SEARCH_USER_PATHS = NO;
				CLANG_ANALYZER_NONNULL = YES;
				CLANG_ANALYZER_NUMBER_OBJECT_CONVERSION = YES_AGGRESSIVE;
				CLANG_CXX_LANGUAGE_STANDARD = "gnu++17";
				CLANG_CXX_LIBRARY = "libc++";
				CLANG_ENABLE_MODULES = YES;
				CLANG_ENABLE_OBJC_ARC = YES;
				CLANG_ENABLE_OBJC_WEAK = YES;
				CLANG_WARN_BLOCK_CAPTURE_AUTORELEASING = YES;
				CLANG_WARN_BOOL_CONVERSION = YES;
				CLANG_WARN_COMMA = YES;
				CLANG_WARN_CONSTANT_CONVERSION = YES;
				CLANG_WARN_DEPRECATED_OBJC_IMPLEMENTATIONS = YES;
				CLANG_WARN_DIRECT_OBJC_ISA_USAGE = YES_ERROR;
				CLANG_WARN_DOCUMENTATION_COMMENTS = YES;
				CLANG_WARN_EMPTY_BODY = YES;
				CLANG_WARN_ENUM_CONVERSION = YES;
				CLANG_WARN_INFINITE_RECURSION = YES;
				CLANG_WARN_INT_CONVERSION = YES;
				CLANG_WARN_NON_LITERAL_NULL_CONVERSION = YES;
				CLANG_WARN_OBJC_IMPLICIT_RETAIN_SELF = YES;
				CLANG_WARN_OBJC_LITERAL_CONVERSION = YES;
				CLANG_WARN_OBJC_ROOT_CLASS = YES_ERROR;
				CLANG_WARN_QUOTED_INCLUDE_IN_FRAMEWORK_HEADER = YES;
				CLANG_WARN_RANGE_LOOP_ANALYSIS = YES;
				CLANG_WARN_STRICT_PROTOTYPES = YES;
				CLANG_WARN_SUSPICIOUS_MOVE = YES;
				CLANG_WARN_UNGUARDED_AVAILABILITY = YES_AGGRESSIVE;
				CLANG_WARN_UNREACHABLE_CODE = YES;
				CLANG_WARN__DUPLICATE_METHOD_MATCH = YES;
				COPY_PHASE_STRIP = NO;
				DEBUG_INFORMATION_FORMAT = dwarf;
				ENABLE_STRICT_OBJC_MSGSEND = YES;
				ENABLE_TESTABILITY = YES;
				GCC_C_LANGUAGE_STANDARD = gnu11;
				GCC_DYNAMIC_NO_PIC = NO;
				GCC_NO_COMMON_BLOCKS = YES;
				GCC_OPTIMIZATION_LEVEL = 0;
				GCC_PREPROCESSOR_DEFINITIONS = (
					"DEBUG=1",
					"$(inherited)",
				);
				GCC_WARN_64_TO_32_BIT_CONVERSION = YES;
				GCC_WARN_ABOUT_RETURN_TYPE = YES_ERROR;
				GCC_WARN_UNDECLARED_SELECTOR = YES;
				GCC_WARN_UNINITIALIZED_AUTOS = YES_AGGRESSIVE;
				GCC_WARN_UNUSED_FUNCTION = YES;
				GCC_WARN_UNUSED_VARIABLE = YES;
				IPHONEOS_DEPLOYMENT_TARGET = 15.0;
				MTL_ENABLE_DEBUG_INFO = INCLUDE_SOURCE;
				MTL_FAST_MATH = YES;
				ONLY_ACTIVE_ARCH = YES;
				SDKROOT = iphoneos;
				SWIFT_ACTIVE_COMPILATION_CONDITIONS = DEBUG;
				SWIFT_OPTIMIZATION_LEVEL = "-Onone";
			};
			name = Debug;
		};
		464CCF952767449C00DAA6B3 /* Release */ = {
			isa = XCBuildConfiguration;
			buildSettings = {
				ALWAYS_SEARCH_USER_PATHS = NO;
				CLANG_ANALYZER_NONNULL = YES;
				CLANG_ANALYZER_NUMBER_OBJECT_CONVERSION = YES_AGGRESSIVE;
				CLANG_CXX_LANGUAGE_STANDARD = "gnu++17";
				CLANG_CXX_LIBRARY = "libc++";
				CLANG_ENABLE_MODULES = YES;
				CLANG_ENABLE_OBJC_ARC = YES;
				CLANG_ENABLE_OBJC_WEAK = YES;
				CLANG_WARN_BLOCK_CAPTURE_AUTORELEASING = YES;
				CLANG_WARN_BOOL_CONVERSION = YES;
				CLANG_WARN_COMMA = YES;
				CLANG_WARN_CONSTANT_CONVERSION = YES;
				CLANG_WARN_DEPRECATED_OBJC_IMPLEMENTATIONS = YES;
				CLANG_WARN_DIRECT_OBJC_ISA_USAGE = YES_ERROR;
				CLANG_WARN_DOCUMENTATION_COMMENTS = YES;
				CLANG_WARN_EMPTY_BODY = YES;
				CLANG_WARN_ENUM_CONVERSION = YES;
				CLANG_WARN_INFINITE_RECURSION = YES;
				CLANG_WARN_INT_CONVERSION = YES;
				CLANG_WARN_NON_LITERAL_NULL_CONVERSION = YES;
				CLANG_WARN_OBJC_IMPLICIT_RETAIN_SELF = YES;
				CLANG_WARN_OBJC_LITERAL_CONVERSION = YES;
				CLANG_WARN_OBJC_ROOT_CLASS = YES_ERROR;
				CLANG_WARN_QUOTED_INCLUDE_IN_FRAMEWORK_HEADER = YES;
				CLANG_WARN_RANGE_LOOP_ANALYSIS = YES;
				CLANG_WARN_STRICT_PROTOTYPES = YES;
				CLANG_WARN_SUSPICIOUS_MOVE = YES;
				CLANG_WARN_UNGUARDED_AVAILABILITY = YES_AGGRESSIVE;
				CLANG_WARN_UNREACHABLE_CODE = YES;
				CLANG_WARN__DUPLICATE_METHOD_MATCH = YES;
				COPY_PHASE_STRIP = NO;
				DEBUG_INFORMATION_FORMAT = "dwarf-with-dsym";
				ENABLE_NS_ASSERTIONS = NO;
				ENABLE_STRICT_OBJC_MSGSEND = YES;
				GCC_C_LANGUAGE_STANDARD = gnu11;
				GCC_NO_COMMON_BLOCKS = YES;
				GCC_WARN_64_TO_32_BIT_CONVERSION = YES;
				GCC_WARN_ABOUT_RETURN_TYPE = YES_ERROR;
				GCC_WARN_UNDECLARED_SELECTOR = YES;
				GCC_WARN_UNINITIALIZED_AUTOS = YES_AGGRESSIVE;
				GCC_WARN_UNUSED_FUNCTION = YES;
				GCC_WARN_UNUSED_VARIABLE = YES;
				IPHONEOS_DEPLOYMENT_TARGET = 15.0;
				MTL_ENABLE_DEBUG_INFO = NO;
				MTL_FAST_MATH = YES;
				SDKROOT = iphoneos;
				SWIFT_COMPILATION_MODE = wholemodule;
				SWIFT_OPTIMIZATION_LEVEL = "-O";
				VALIDATE_PRODUCT = YES;
			};
			name = Release;
		};
		464CCF972767449C00DAA6B3 /* Debug */ = {
			isa = XCBuildConfiguration;
			buildSettings = {
				ASSETCATALOG_COMPILER_APPICON_NAME = AppIcon;
				ASSETCATALOG_COMPILER_GLOBAL_ACCENT_COLOR_NAME = AccentColor;
				CODE_SIGN_STYLE = Automatic;
				CURRENT_PROJECT_VERSION = 1;
				DEVELOPMENT_TEAM = XT3SV4PKDK;
				GENERATE_INFOPLIST_FILE = YES;
				INFOPLIST_FILE = sample_covid/Info.plist;
				INFOPLIST_KEY_UIApplicationSupportsIndirectInputEvents = YES;
				INFOPLIST_KEY_UILaunchStoryboardName = LaunchScreen;
				INFOPLIST_KEY_UIMainStoryboardFile = Main;
				INFOPLIST_KEY_UISupportedInterfaceOrientations_iPad = "UIInterfaceOrientationPortrait UIInterfaceOrientationPortraitUpsideDown UIInterfaceOrientationLandscapeLeft UIInterfaceOrientationLandscapeRight";
				INFOPLIST_KEY_UISupportedInterfaceOrientations_iPhone = "UIInterfaceOrientationPortrait UIInterfaceOrientationLandscapeLeft UIInterfaceOrientationLandscapeRight";
				LD_RUNPATH_SEARCH_PATHS = (
					"$(inherited)",
					"@executable_path/Frameworks",
				);
				MARKETING_VERSION = 1.0;
				PRODUCT_BUNDLE_IDENTIFIER = "ryuji.sample-covid";
				PRODUCT_NAME = "$(TARGET_NAME)";
				SWIFT_EMIT_LOC_STRINGS = YES;
				SWIFT_VERSION = 5.0;
				TARGETED_DEVICE_FAMILY = "1,2";
			};
			name = Debug;
		};
		464CCF982767449C00DAA6B3 /* Release */ = {
			isa = XCBuildConfiguration;
			buildSettings = {
				ASSETCATALOG_COMPILER_APPICON_NAME = AppIcon;
				ASSETCATALOG_COMPILER_GLOBAL_ACCENT_COLOR_NAME = AccentColor;
				CODE_SIGN_STYLE = Automatic;
				CURRENT_PROJECT_VERSION = 1;
				DEVELOPMENT_TEAM = XT3SV4PKDK;
				GENERATE_INFOPLIST_FILE = YES;
				INFOPLIST_FILE = sample_covid/Info.plist;
				INFOPLIST_KEY_UIApplicationSupportsIndirectInputEvents = YES;
				INFOPLIST_KEY_UILaunchStoryboardName = LaunchScreen;
				INFOPLIST_KEY_UIMainStoryboardFile = Main;
				INFOPLIST_KEY_UISupportedInterfaceOrientations_iPad = "UIInterfaceOrientationPortrait UIInterfaceOrientationPortraitUpsideDown UIInterfaceOrientationLandscapeLeft UIInterfaceOrientationLandscapeRight";
				INFOPLIST_KEY_UISupportedInterfaceOrientations_iPhone = "UIInterfaceOrientationPortrait UIInterfaceOrientationLandscapeLeft UIInterfaceOrientationLandscapeRight";
				LD_RUNPATH_SEARCH_PATHS = (
					"$(inherited)",
					"@executable_path/Frameworks",
				);
				MARKETING_VERSION = 1.0;
				PRODUCT_BUNDLE_IDENTIFIER = "ryuji.sample-covid";
				PRODUCT_NAME = "$(TARGET_NAME)";
				SWIFT_EMIT_LOC_STRINGS = YES;
				SWIFT_VERSION = 5.0;
				TARGETED_DEVICE_FAMILY = "1,2";
			};
			name = Release;
		};
		464CCF9A2767449C00DAA6B3 /* Debug */ = {
			isa = XCBuildConfiguration;
			buildSettings = {
				ALWAYS_EMBED_SWIFT_STANDARD_LIBRARIES = YES;
				BUNDLE_LOADER = "$(TEST_HOST)";
				CODE_SIGN_STYLE = Automatic;
				CURRENT_PROJECT_VERSION = 1;
				DEVELOPMENT_TEAM = XT3SV4PKDK;
				GENERATE_INFOPLIST_FILE = YES;
				IPHONEOS_DEPLOYMENT_TARGET = 15.0;
				LD_RUNPATH_SEARCH_PATHS = (
					"$(inherited)",
					"@executable_path/Frameworks",
					"@loader_path/Frameworks",
				);
				MARKETING_VERSION = 1.0;
				PRODUCT_BUNDLE_IDENTIFIER = "ryuji.sample-covidTests";
				PRODUCT_NAME = "$(TARGET_NAME)";
				SWIFT_EMIT_LOC_STRINGS = NO;
				SWIFT_VERSION = 5.0;
				TARGETED_DEVICE_FAMILY = "1,2";
				TEST_HOST = "$(BUILT_PRODUCTS_DIR)/sample_covid.app/sample_covid";
			};
			name = Debug;
		};
		464CCF9B2767449C00DAA6B3 /* Release */ = {
			isa = XCBuildConfiguration;
			buildSettings = {
				ALWAYS_EMBED_SWIFT_STANDARD_LIBRARIES = YES;
				BUNDLE_LOADER = "$(TEST_HOST)";
				CODE_SIGN_STYLE = Automatic;
				CURRENT_PROJECT_VERSION = 1;
				DEVELOPMENT_TEAM = XT3SV4PKDK;
				GENERATE_INFOPLIST_FILE = YES;
				IPHONEOS_DEPLOYMENT_TARGET = 15.0;
				LD_RUNPATH_SEARCH_PATHS = (
					"$(inherited)",
					"@executable_path/Frameworks",
					"@loader_path/Frameworks",
				);
				MARKETING_VERSION = 1.0;
				PRODUCT_BUNDLE_IDENTIFIER = "ryuji.sample-covidTests";
				PRODUCT_NAME = "$(TARGET_NAME)";
				SWIFT_EMIT_LOC_STRINGS = NO;
				SWIFT_VERSION = 5.0;
				TARGETED_DEVICE_FAMILY = "1,2";
				TEST_HOST = "$(BUILT_PRODUCTS_DIR)/sample_covid.app/sample_covid";
			};
			name = Release;
		};
		464CCF9D2767449C00DAA6B3 /* Debug */ = {
			isa = XCBuildConfiguration;
			buildSettings = {
				ALWAYS_EMBED_SWIFT_STANDARD_LIBRARIES = YES;
				CODE_SIGN_STYLE = Automatic;
				CURRENT_PROJECT_VERSION = 1;
				DEVELOPMENT_TEAM = XT3SV4PKDK;
				GENERATE_INFOPLIST_FILE = YES;
				LD_RUNPATH_SEARCH_PATHS = (
					"$(inherited)",
					"@executable_path/Frameworks",
					"@loader_path/Frameworks",
				);
				MARKETING_VERSION = 1.0;
				PRODUCT_BUNDLE_IDENTIFIER = "ryuji.sample-covidUITests";
				PRODUCT_NAME = "$(TARGET_NAME)";
				SWIFT_EMIT_LOC_STRINGS = NO;
				SWIFT_VERSION = 5.0;
				TARGETED_DEVICE_FAMILY = "1,2";
				TEST_TARGET_NAME = sample_covid;
			};
			name = Debug;
		};
		464CCF9E2767449C00DAA6B3 /* Release */ = {
			isa = XCBuildConfiguration;
			buildSettings = {
				ALWAYS_EMBED_SWIFT_STANDARD_LIBRARIES = YES;
				CODE_SIGN_STYLE = Automatic;
				CURRENT_PROJECT_VERSION = 1;
				DEVELOPMENT_TEAM = XT3SV4PKDK;
				GENERATE_INFOPLIST_FILE = YES;
				LD_RUNPATH_SEARCH_PATHS = (
					"$(inherited)",
					"@executable_path/Frameworks",
					"@loader_path/Frameworks",
				);
				MARKETING_VERSION = 1.0;
				PRODUCT_BUNDLE_IDENTIFIER = "ryuji.sample-covidUITests";
				PRODUCT_NAME = "$(TARGET_NAME)";
				SWIFT_EMIT_LOC_STRINGS = NO;
				SWIFT_VERSION = 5.0;
				TARGETED_DEVICE_FAMILY = "1,2";
				TEST_TARGET_NAME = sample_covid;
			};
			name = Release;
		};
/* End XCBuildConfiguration section */

/* Begin XCConfigurationList section */
		464CCF672767449800DAA6B3 /* Build configuration list for PBXProject "sample_covid" */ = {
			isa = XCConfigurationList;
			buildConfigurations = (
				464CCF942767449C00DAA6B3 /* Debug */,
				464CCF952767449C00DAA6B3 /* Release */,
			);
			defaultConfigurationIsVisible = 0;
			defaultConfigurationName = Release;
		};
		464CCF962767449C00DAA6B3 /* Build configuration list for PBXNativeTarget "sample_covid" */ = {
			isa = XCConfigurationList;
			buildConfigurations = (
				464CCF972767449C00DAA6B3 /* Debug */,
				464CCF982767449C00DAA6B3 /* Release */,
			);
			defaultConfigurationIsVisible = 0;
			defaultConfigurationName = Release;
		};
		464CCF992767449C00DAA6B3 /* Build configuration list for PBXNativeTarget "sample_covidTests" */ = {
			isa = XCConfigurationList;
			buildConfigurations = (
				464CCF9A2767449C00DAA6B3 /* Debug */,
				464CCF9B2767449C00DAA6B3 /* Release */,
			);
			defaultConfigurationIsVisible = 0;
			defaultConfigurationName = Release;
		};
		464CCF9C2767449C00DAA6B3 /* Build configuration list for PBXNativeTarget "sample_covidUITests" */ = {
			isa = XCConfigurationList;
			buildConfigurations = (
				464CCF9D2767449C00DAA6B3 /* Debug */,
				464CCF9E2767449C00DAA6B3 /* Release */,
			);
			defaultConfigurationIsVisible = 0;
			defaultConfigurationName = Release;
		};
/* End XCConfigurationList section */
	};
	rootObject = 464CCF642767449800DAA6B3 /* Project object */;
}
